
Microsoft Visual Studio Solution File, Format Version 12.00
# Visual Studio Version 17
VisualStudioVersion = 17.3.32901.215
MinimumVisualStudioVersion = 10.0.40219.1
Project("{2150E333-8FDC-42A3-9474-1A3956D46DE8}") = "Src", "Src", "{080CC389-D371-4F8F-B0DA-26139AE1334F}"
EndProject
Project("{2150E333-8FDC-42A3-9474-1A3956D46DE8}") = "DemoApi", "DemoApi", "{FF880F06-1668-4770-8C68-F468E6C935B0}"
EndProject
Project("{2150E333-8FDC-42A3-9474-1A3956D46DE8}") = "RefitApi", "RefitApi", "{950E592B-9F47-42AB-81A7-EB7B540803C9}"
EndProject
Project("{FAE04EC0-301F-11D3-BF4B-00C04F79EFBC}") = "DemoApi", "DemoApi\DemoApi.csproj", "{83240DDB-F05B-4206-8812-FDB9993257FA}"
EndProject
Project("{FAE04EC0-301F-11D3-BF4B-00C04F79EFBC}") = "RefitApi", "RefitApi\RefitApi.csproj", "{43D41672-657C-493C-B7F8-53218BD63A93}"
EndProject
Project("{FAE04EC0-301F-11D3-BF4B-00C04F79EFBC}") = "Core.Domain", "Core.Domain\Core.Domain.csproj", "{391FEA94-3EAE-4986-A21F-83EB0F4C4C03}"
EndProject
Global
	GlobalSection(SolutionConfigurationPlatforms) = preSolution
		Debug|Any CPU = Debug|Any CPU
		Release|Any CPU = Release|Any CPU
	EndGlobalSection
	GlobalSection(ProjectConfigurationPlatforms) = postSolution
		{83240DDB-F05B-4206-8812-FDB9993257FA}.Debug|Any CPU.ActiveCfg = Debug|Any CPU
		{83240DDB-F05B-4206-8812-FDB9993257FA}.Debug|Any CPU.Build.0 = Debug|Any CPU
		{83240DDB-F05B-4206-8812-FDB9993257FA}.Release|Any CPU.ActiveCfg = Release|Any CPU
		{83240DDB-F05B-4206-8812-FDB9993257FA}.Release|Any CPU.Build.0 = Release|Any CPU
		{43D41672-657C-493C-B7F8-53218BD63A93}.Debug|Any CPU.ActiveCfg = Debug|Any CPU
		{43D41672-657C-493C-B7F8-53218BD63A93}.Debug|Any CPU.Build.0 = Debug|Any CPU
		{43D41672-657C-493C-B7F8-53218BD63A93}.Release|Any CPU.ActiveCfg = Release|Any CPU
		{43D41672-657C-493C-B7F8-53218BD63A93}.Release|Any CPU.Build.0 = Release|Any CPU
		{391FEA94-3EAE-4986-A21F-83EB0F4C4C03}.Debug|Any CPU.ActiveCfg = Debug|Any CPU
		{391FEA94-3EAE-4986-A21F-83EB0F4C4C03}.Debug|Any CPU.Build.0 = Debug|Any CPU
		{391FEA94-3EAE-4986-A21F-83EB0F4C4C03}.Release|Any CPU.ActiveCfg = Release|Any CPU
		{391FEA94-3EAE-4986-A21F-83EB0F4C4C03}.Release|Any CPU.Build.0 = Release|Any CPU
	EndGlobalSection
	GlobalSection(SolutionProperties) = preSolution
		HideSolutionNode = FALSE
	EndGlobalSection
	GlobalSection(NestedProjects) = preSolution
		{FF880F06-1668-4770-8C68-F468E6C935B0} = {080CC389-D371-4F8F-B0DA-26139AE1334F}
		{950E592B-9F47-42AB-81A7-EB7B540803C9} = {080CC389-D371-4F8F-B0DA-26139AE1334F}
		{83240DDB-F05B-4206-8812-FDB9993257FA} = {FF880F06-1668-4770-8C68-F468E6C935B0}
		{43D41672-657C-493C-B7F8-53218BD63A93} = {950E592B-9F47-42AB-81A7-EB7B540803C9}
		{391FEA94-3EAE-4986-A21F-83EB0F4C4C03} = {080CC389-D371-4F8F-B0DA-26139AE1334F}
	EndGlobalSection
	GlobalSection(ExtensibilityGlobals) = postSolution
		SolutionGuid = {4720CB3B-37CB-45FD-A014-C9B033BB5377}
	EndGlobalSection
EndGlobal
